// !$*UTF8*$!
{
	archiveVersion = 1;
	classes = {
	};
	objectVersion = 50;
	objects = {

/* Begin PBXBuildFile section */
		095FEB6A23982B6500C7C019 /* AppDelegate.m in Sources */ = {isa = PBXBuildFile; fileRef = 095FEB6923982B6500C7C019 /* AppDelegate.m */; };
		095FEB6D23982B6500C7C019 /* SceneDelegate.m in Sources */ = {isa = PBXBuildFile; fileRef = 095FEB6C23982B6500C7C019 /* SceneDelegate.m */; };
		095FEB7023982B6500C7C019 /* ViewController.m in Sources */ = {isa = PBXBuildFile; fileRef = 095FEB6F23982B6500C7C019 /* ViewController.m */; };
		095FEB7323982B6500C7C019 /* Main.storyboard in Resources */ = {isa = PBXBuildFile; fileRef = 095FEB7123982B6500C7C019 /* Main.storyboard */; };
		095FEB7523982B6600C7C019 /* Assets.xcassets in Resources */ = {isa = PBXBuildFile; fileRef = 095FEB7423982B6600C7C019 /* Assets.xcassets */; };
		095FEB7823982B6600C7C019 /* LaunchScreen.storyboard in Resources */ = {isa = PBXBuildFile; fileRef = 095FEB7623982B6600C7C019 /* LaunchScreen.storyboard */; };
		095FEB7B23982B6600C7C019 /* main.m in Sources */ = {isa = PBXBuildFile; fileRef = 095FEB7A23982B6600C7C019 /* main.m */; };
		095FEB8923982BE100C7C019 /* ConcreteProductB.m in Sources */ = {isa = PBXBuildFile; fileRef = 095FEB8223982BE000C7C019 /* ConcreteProductB.m */; };
		095FEB8A23982BE100C7C019 /* ConcreteProductA.m in Sources */ = {isa = PBXBuildFile; fileRef = 095FEB8423982BE000C7C019 /* ConcreteProductA.m */; };
		095FEB8B23982BE100C7C019 /* Client.m in Sources */ = {isa = PBXBuildFile; fileRef = 095FEB8523982BE000C7C019 /* Client.m */; };
		095FEB8C23982BE100C7C019 /* ConcreteFactory.m in Sources */ = {isa = PBXBuildFile; fileRef = 095FEB8723982BE000C7C019 /* ConcreteFactory.m */; };
/* End PBXBuildFile section */

/* Begin PBXFileReference section */
		095FEB6523982B6500C7C019 /* AbstractFactoryObjC.app */ = {isa = PBXFileReference; explicitFileType = wrapper.application; includeInIndex = 0; path = AbstractFactoryObjC.app; sourceTree = BUILT_PRODUCTS_DIR; };
		095FEB6823982B6500C7C019 /* AppDelegate.h */ = {isa = PBXFileReference; lastKnownFileType = sourcecode.c.h; path = AppDelegate.h; sourceTree = "<group>"; };
		095FEB6923982B6500C7C019 /* AppDelegate.m */ = {isa = PBXFileReference; lastKnownFileType = sourcecode.c.objc; path = AppDelegate.m; sourceTree = "<group>"; };
		095FEB6B23982B6500C7C019 /* SceneDelegate.h */ = {isa = PBXFileReference; lastKnownFileType = sourcecode.c.h; path = SceneDelegate.h; sourceTree = "<group>"; };
		095FEB6C23982B6500C7C019 /* SceneDelegate.m */ = {isa = PBXFileReference; lastKnownFileType = sourcecode.c.objc; path = SceneDelegate.m; sourceTree = "<group>"; };
		095FEB6E23982B6500C7C019 /* ViewController.h */ = {isa = PBXFileReference; lastKnownFileType = sourcecode.c.h; path = ViewController.h; sourceTree = "<group>"; };
		095FEB6F23982B6500C7C019 /* ViewController.m */ = {isa = PBXFileReference; lastKnownFileType = sourcecode.c.objc; path = ViewController.m; sourceTree = "<group>"; };
		095FEB7223982B6500C7C019 /* Base */ = {isa = PBXFileReference; lastKnownFileType = file.storyboard; name = Base; path = Base.lproj/Main.storyboard; sourceTree = "<group>"; };
		095FEB7423982B6600C7C019 /* Assets.xcassets */ = {isa = PBXFileReference; lastKnownFileType = folder.assetcatalog; path = Assets.xcassets; sourceTree = "<group>"; };
		095FEB7723982B6600C7C019 /* Base */ = {isa = PBXFileReference; lastKnownFileType = file.storyboard; name = Base; path = Base.lproj/LaunchScreen.storyboard; sourceTree = "<group>"; };
		095FEB7923982B6600C7C019 /* Info.plist */ = {isa = PBXFileReference; lastKnownFileType = text.plist.xml; path = Info.plist; sourceTree = "<group>"; };
		095FEB7A23982B6600C7C019 /* main.m */ = {isa = PBXFileReference; lastKnownFileType = sourcecode.c.objc; path = main.m; sourceTree = "<group>"; };
		095FEB8123982BE000C7C019 /* ConcreteProductB.h */ = {isa = PBXFileReference; fileEncoding = 4; lastKnownFileType = sourcecode.c.h; path = ConcreteProductB.h; sourceTree = "<group>"; };
		095FEB8223982BE000C7C019 /* ConcreteProductB.m */ = {isa = PBXFileReference; fileEncoding = 4; lastKnownFileType = sourcecode.c.objc; path = ConcreteProductB.m; sourceTree = "<group>"; };
		095FEB8323982BE000C7C019 /* ConcreteFactory.h */ = {isa = PBXFileReference; fileEncoding = 4; lastKnownFileType = sourcecode.c.h; path = ConcreteFactory.h; sourceTree = "<group>"; };
		095FEB8423982BE000C7C019 /* ConcreteProductA.m */ = {isa = PBXFileReference; fileEncoding = 4; lastKnownFileType = sourcecode.c.objc; path = ConcreteProductA.m; sourceTree = "<group>"; };
		095FEB8523982BE000C7C019 /* Client.m */ = {isa = PBXFileReference; fileEncoding = 4; lastKnownFileType = sourcecode.c.objc; path = Client.m; sourceTree = "<group>"; };
		095FEB8623982BE000C7C019 /* Client.h */ = {isa = PBXFileReference; fileEncoding = 4; lastKnownFileType = sourcecode.c.h; path = Client.h; sourceTree = "<group>"; };
		095FEB8723982BE000C7C019 /* ConcreteFactory.m */ = {isa = PBXFileReference; fileEncoding = 4; lastKnownFileType = sourcecode.c.objc; path = ConcreteFactory.m; sourceTree = "<group>"; };
		095FEB8823982BE000C7C019 /* ConcreteProductA.h */ = {isa = PBXFileReference; fileEncoding = 4; lastKnownFileType = sourcecode.c.h; path = ConcreteProductA.h; sourceTree = "<group>"; };
/* End PBXFileReference section */

/* Begin PBXFrameworksBuildPhase section */
		095FEB6223982B6500C7C019 /* Frameworks */ = {
			isa = PBXFrameworksBuildPhase;
			buildActionMask = 2147483647;
			files = (
			);
			runOnlyForDeploymentPostprocessing = 0;
		};
/* End PBXFrameworksBuildPhase section */

/* Begin PBXGroup section */
		095FEB5C23982B6500C7C019 = {
			isa = PBXGroup;
			children = (
				095FEB6723982B6500C7C019 /* AbstractFactoryObjC */,
				095FEB6623982B6500C7C019 /* Products */,
			);
			sourceTree = "<group>";
		};
		095FEB6623982B6500C7C019 /* Products */ = {
			isa = PBXGroup;
			children = (
				095FEB6523982B6500C7C019 /* AbstractFactoryObjC.app */,
			);
			name = Products;
			sourceTree = "<group>";
		};
		095FEB6723982B6500C7C019 /* AbstractFactoryObjC */ = {
			isa = PBXGroup;
			children = (
				095FEB6823982B6500C7C019 /* AppDelegate.h */,
				095FEB6923982B6500C7C019 /* AppDelegate.m */,
				095FEB6B23982B6500C7C019 /* SceneDelegate.h */,
				095FEB6C23982B6500C7C019 /* SceneDelegate.m */,
				095FEB6E23982B6500C7C019 /* ViewController.h */,
				095FEB6F23982B6500C7C019 /* ViewController.m */,
				095FEB8623982BE000C7C019 /* Client.h */,
				095FEB8523982BE000C7C019 /* Client.m */,
				095FEB8323982BE000C7C019 /* ConcreteFactory.h */,
				095FEB8723982BE000C7C019 /* ConcreteFactory.m */,
				095FEB8823982BE000C7C019 /* ConcreteProductA.h */,
				095FEB8423982BE000C7C019 /* ConcreteProductA.m */,
				095FEB8123982BE000C7C019 /* ConcreteProductB.h */,
				095FEB8223982BE000C7C019 /* ConcreteProductB.m */,
				095FEB7123982B6500C7C019 /* Main.storyboard */,
				095FEB7423982B6600C7C019 /* Assets.xcassets */,
				095FEB7623982B6600C7C019 /* LaunchScreen.storyboard */,
				095FEB7923982B6600C7C019 /* Info.plist */,
				095FEB7A23982B6600C7C019 /* main.m */,
			);
			path = AbstractFactoryObjC;
			sourceTree = "<group>";
		};
/* End PBXGroup section */

/* Begin PBXNativeTarget section */
		095FEB6423982B6500C7C019 /* AbstractFactoryObjC */ = {
			isa = PBXNativeTarget;
			buildConfigurationList = 095FEB7E23982B6600C7C019 /* Build configuration list for PBXNativeTarget "AbstractFactoryObjC" */;
			buildPhases = (
				095FEB6123982B6500C7C019 /* Sources */,
				095FEB6223982B6500C7C019 /* Frameworks */,
				095FEB6323982B6500C7C019 /* Resources */,
			);
			buildRules = (
			);
			dependencies = (
			);
			name = AbstractFactoryObjC;
			productName = AbstractFactoryObjC;
			productReference = 095FEB6523982B6500C7C019 /* AbstractFactoryObjC.app */;
			productType = "com.apple.product-type.application";
		};
/* End PBXNativeTarget section */

/* Begin PBXProject section */
		095FEB5D23982B6500C7C019 /* Project object */ = {
			isa = PBXProject;
			attributes = {
				LastUpgradeCheck = 1120;
				ORGANIZATIONNAME = Onie;
				TargetAttributes = {
					095FEB6423982B6500C7C019 = {
						CreatedOnToolsVersion = 11.2.1;
					};
				};
			};
			buildConfigurationList = 095FEB6023982B6500C7C019 /* Build configuration list for PBXProject "AbstractFactoryObjC" */;
			compatibilityVersion = "Xcode 9.3";
			developmentRegion = en;
			hasScannedForEncodings = 0;
			knownRegions = (
				en,
				Base,
			);
			mainGroup = 095FEB5C23982B6500C7C019;
			productRefGroup = 095FEB6623982B6500C7C019 /* Products */;
			projectDirPath = "";
			projectRoot = "";
			targets = (
				095FEB6423982B6500C7C019 /* AbstractFactoryObjC */,
			);
		};
/* End PBXProject section */

/* Begin PBXResourcesBuildPhase section */
		095FEB6323982B6500C7C019 /* Resources */ = {
			isa = PBXResourcesBuildPhase;
			buildActionMask = 2147483647;
			files = (
				095FEB7823982B6600C7C019 /* LaunchScreen.storyboard in Resources */,
				095FEB7523982B6600C7C019 /* Assets.xcassets in Resources */,
				095FEB7323982B6500C7C019 /* Main.storyboard in Resources */,
			);
			runOnlyForDeploymentPostprocessing = 0;
		};
/* End PBXResourcesBuildPhase section */

/* Begin PBXSourcesBuildPhase section */
		095FEB6123982B6500C7C019 /* Sources */ = {
			isa = PBXSourcesBuildPhase;
			buildActionMask = 2147483647;
			files = (
				095FEB8A23982BE100C7C019 /* ConcreteProductA.m in Sources */,
				095FEB8923982BE100C7C019 /* ConcreteProductB.m in Sources */,
				095FEB7023982B6500C7C019 /* ViewController.m in Sources */,
				095FEB6A23982B6500C7C019 /* AppDelegate.m in Sources */,
				095FEB7B23982B6600C7C019 /* main.m in Sources */,
				095FEB6D23982B6500C7C019 /* SceneDelegate.m in Sources */,
				095FEB8B23982BE100C7C019 /* Client.m in Sources */,
				095FEB8C23982BE100C7C019 /* ConcreteFactory.m in Sources */,
			);
			runOnlyForDeploymentPostprocessing = 0;
		};
/* End PBXSourcesBuildPhase section */

/* Begin PBXVariantGroup section */
		095FEB7123982B6500C7C019 /* Main.storyboard */ = {
			isa = PBXVariantGroup;
			children = (
				095FEB7223982B6500C7C019 /* Base */,
			);
			name = Main.storyboard;
			sourceTree = "<group>";
		};
		095FEB7623982B6600C7C019 /* LaunchScreen.storyboard */ = {
			isa = PBXVariantGroup;
			children = (
				095FEB7723982B6600C7C019 /* Base */,
			);
			name = LaunchScreen.storyboard;
			sourceTree = "<group>";
		};
/* End PBXVariantGroup section */

/* Begin XCBuildConfiguration section */
		095FEB7C23982B6600C7C019 /* Debug */ = {
			isa = XCBuildConfiguration;
			buildSettings = {
				ALWAYS_SEARCH_USER_PATHS = NO;
				CLANG_ANALYZER_NONNULL = YES;
				CLANG_ANALYZER_NUMBER_OBJECT_CONVERSION = YES_AGGRESSIVE;
				CLANG_CXX_LANGUAGE_STANDARD = "gnu++14";
				CLANG_CXX_LIBRARY = "libc++";
				CLANG_ENABLE_MODULES = YES;
				CLANG_ENABLE_OBJC_ARC = YES;
				CLANG_ENABLE_OBJC_WEAK = YES;
				CLANG_WARN_BLOCK_CAPTURE_AUTORELEASING = YES;
				CLANG_WARN_BOOL_CONVERSION = YES;
				CLANG_WARN_COMMA = YES;
				CLANG_WARN_CONSTANT_CONVERSION = YES;
				CLANG_WARN_DEPRECATED_OBJC_IMPLEMENTATIONS = YES;
				CLANG_WARN_DIRECT_OBJC_ISA_USAGE = YES_ERROR;
				CLANG_WARN_DOCUMENTATION_COMMENTS = YES;
				CLANG_WARN_EMPTY_BODY = YES;
				CLANG_WARN_ENUM_CONVERSION = YES;
				CLANG_WARN_INFINITE_RECURSION = YES;
				CLANG_WARN_INT_CONVERSION = YES;
				CLANG_WARN_NON_LITERAL_NULL_CONVERSION = YES;
				CLANG_WARN_OBJC_IMPLICIT_RETAIN_SELF = YES;
				CLANG_WARN_OBJC_LITERAL_CONVERSION = YES;
				CLANG_WARN_OBJC_ROOT_CLASS = YES_ERROR;
				CLANG_WARN_RANGE_LOOP_ANALYSIS = YES;
				CLANG_WARN_STRICT_PROTOTYPES = YES;
				CLANG_WARN_SUSPICIOUS_MOVE = YES;
				CLANG_WARN_UNGUARDED_AVAILABILITY = YES_AGGRESSIVE;
				CLANG_WARN_UNREACHABLE_CODE = YES;
				CLANG_WARN__DUPLICATE_METHOD_MATCH = YES;
				COPY_PHASE_STRIP = NO;
				DEBUG_INFORMATION_FORMAT = dwarf;
				ENABLE_STRICT_OBJC_MSGSEND = YES;
				ENABLE_TESTABILITY = YES;
				GCC_C_LANGUAGE_STANDARD = gnu11;
				GCC_DYNAMIC_NO_PIC = NO;
				GCC_NO_COMMON_BLOCKS = YES;
				GCC_OPTIMIZATION_LEVEL = 0;
				GCC_PREPROCESSOR_DEFINITIONS = (
					"DEBUG=1",
					"$(inherited)",
				);
				GCC_WARN_64_TO_32_BIT_CONVERSION = YES;
				GCC_WARN_ABOUT_RETURN_TYPE = YES_ERROR;
				GCC_WARN_UNDECLARED_SELECTOR = YES;
				GCC_WARN_UNINITIALIZED_AUTOS = YES_AGGRESSIVE;
				GCC_WARN_UNUSED_FUNCTION = YES;
				GCC_WARN_UNUSED_VARIABLE = YES;
				IPHONEOS_DEPLOYMENT_TARGET = 13.2;
				MTL_ENABLE_DEBUG_INFO = INCLUDE_SOURCE;
				MTL_FAST_MATH = YES;
				ONLY_ACTIVE_ARCH = YES;
				SDKROOT = iphoneos;
			};
			name = Debug;
		};
		095FEB7D23982B6600C7C019 /* Release */ = {
			isa = XCBuildConfiguration;
			buildSettings = {
				ALWAYS_SEARCH_USER_PATHS = NO;
				CLANG_ANALYZER_NONNULL = YES;
				CLANG_ANALYZER_NUMBER_OBJECT_CONVERSION = YES_AGGRESSIVE;
				CLANG_CXX_LANGUAGE_STANDARD = "gnu++14";
				CLANG_CXX_LIBRARY = "libc++";
				CLANG_ENABLE_MODULES = YES;
				CLANG_ENABLE_OBJC_ARC = YES;
				CLANG_ENABLE_OBJC_WEAK = YES;
				CLANG_WARN_BLOCK_CAPTURE_AUTORELEASING = YES;
				CLANG_WARN_BOOL_CONVERSION = YES;
				CLANG_WARN_COMMA = YES;
				CLANG_WARN_CONSTANT_CONVERSION = YES;
				CLANG_WARN_DEPRECATED_OBJC_IMPLEMENTATIONS = YES;
				CLANG_WARN_DIRECT_OBJC_ISA_USAGE = YES_ERROR;
				CLANG_WARN_DOCUMENTATION_COMMENTS = YES;
				CLANG_WARN_EMPTY_BODY = YES;
				CLANG_WARN_ENUM_CONVERSION = YES;
				CLANG_WARN_INFINITE_RECURSION = YES;
				CLANG_WARN_INT_CONVERSION = YES;
				CLANG_WARN_NON_LITERAL_NULL_CONVERSION = YES;
				CLANG_WARN_OBJC_IMPLICIT_RETAIN_SELF = YES;
				CLANG_WARN_OBJC_LITERAL_CONVERSION = YES;
				CLANG_WARN_OBJC_ROOT_CLASS = YES_ERROR;
				CLANG_WARN_RANGE_LOOP_ANALYSIS = YES;
				CLANG_WARN_STRICT_PROTOTYPES = YES;
				CLANG_WARN_SUSPICIOUS_MOVE = YES;
				CLANG_WARN_UNGUARDED_AVAILABILITY = YES_AGGRESSIVE;
				CLANG_WARN_UNREACHABLE_CODE = YES;
				CLANG_WARN__DUPLICATE_METHOD_MATCH = YES;
				COPY_PHASE_STRIP = NO;
				DEBUG_INFORMATION_FORMAT = "dwarf-with-dsym";
				ENABLE_NS_ASSERTIONS = NO;
				ENABLE_STRICT_OBJC_MSGSEND = YES;
				GCC_C_LANGUAGE_STANDARD = gnu11;
				GCC_NO_COMMON_BLOCKS = YES;
				GCC_WARN_64_TO_32_BIT_CONVERSION = YES;
				GCC_WARN_ABOUT_RETURN_TYPE = YES_ERROR;
				GCC_WARN_UNDECLARED_SELECTOR = YES;
				GCC_WARN_UNINITIALIZED_AUTOS = YES_AGGRESSIVE;
				GCC_WARN_UNUSED_FUNCTION = YES;
				GCC_WARN_UNUSED_VARIABLE = YES;
				IPHONEOS_DEPLOYMENT_TARGET = 13.2;
				MTL_ENABLE_DEBUG_INFO = NO;
				MTL_FAST_MATH = YES;
				SDKROOT = iphoneos;
				VALIDATE_PRODUCT = YES;
			};
			name = Release;
		};
		095FEB7F23982B6600C7C019 /* Debug */ = {
			isa = XCBuildConfiguration;
			buildSettings = {
				ASSETCATALOG_COMPILER_APPICON_NAME = AppIcon;
				CODE_SIGN_STYLE = Automatic;
				DEVELOPMENT_TEAM = YZ7WPJDTA7;
				INFOPLIST_FILE = AbstractFactoryObjC/Info.plist;
				LD_RUNPATH_SEARCH_PATHS = (
					"$(inherited)",
					"@executable_path/Frameworks",
				);
				PRODUCT_BUNDLE_IDENTIFIER = ru.onie.AbstractFactoryObjC;
				PRODUCT_NAME = "$(TARGET_NAME)";
				TARGETED_DEVICE_FAMILY = "1,2";
			};
			name = Debug;
		};
		095FEB8023982B6600C7C019 /* Release */ = {
			isa = XCBuildConfiguration;
			buildSettings = {
				ASSETCATALOG_COMPILER_APPICON_NAME = AppIcon;
				CODE_SIGN_STYLE = Automatic;
				DEVELOPMENT_TEAM = YZ7WPJDTA7;
				INFOPLIST_FILE = AbstractFactoryObjC/Info.plist;
				LD_RUNPATH_SEARCH_PATHS = (
					"$(inherited)",
					"@executable_path/Frameworks",
				);
				PRODUCT_BUNDLE_IDENTIFIER = ru.onie.AbstractFactoryObjC;
				PRODUCT_NAME = "$(TARGET_NAME)";
				TARGETED_DEVICE_FAMILY = "1,2";
			};
			name = Release;
		};
/* End XCBuildConfiguration section */

/* Begin XCConfigurationList section */
		095FEB6023982B6500C7C019 /* Build configuration list for PBXProject "AbstractFactoryObjC" */ = {
			isa = XCConfigurationList;
			buildConfigurations = (
				095FEB7C23982B6600C7C019 /* Debug */,
				095FEB7D23982B6600C7C019 /* Release */,
			);
			defaultConfigurationIsVisible = 0;
			defaultConfigurationName = Release;
		};
		095FEB7E23982B6600C7C019 /* Build configuration list for PBXNativeTarget "AbstractFactoryObjC" */ = {
			isa = XCConfigurationList;
			buildConfigurations = (
				095FEB7F23982B6600C7C019 /* Debug */,
				095FEB8023982B6600C7C019 /* Release */,
			);
			defaultConfigurationIsVisible = 0;
			defaultConfigurationName = Release;
		};
/* End XCConfigurationList section */
	};
	rootObject = 095FEB5D23982B6500C7C019 /* Project object */;
}
